
Microsoft Visual Studio Solution File, Format Version 12.00
# Visual Studio Version 16
VisualStudioVersion = 16.0.30320.27
MinimumVisualStudioVersion = 10.0.40219.1
Project("{9A19103F-16F7-4668-BE54-9A1E7A4F7556}") = "ListUsage", "ListUsage\ListUsage.csproj", "{1D5072F6-694A-421D-A6B8-CE4626D0245F}"
EndProject
Project("{9A19103F-16F7-4668-BE54-9A1E7A4F7556}") = "PollyUsage", "PollyUsage\PollyUsage.csproj", "{B51897B8-D90B-42ED-90E2-40AC9909AFAC}"
EndProject
Project("{2150E333-8FDC-42A3-9474-1A3956D46DE8}") = "RabbitmqUsage", "RabbitmqUsage", "{7295CFF0-F4FD-45E1-A716-6EF8DEEE731F}"
EndProject
Project("{2150E333-8FDC-42A3-9474-1A3956D46DE8}") = "HelloWorld", "HelloWorld", "{710F9329-0F68-4D45-AFA3-9E1D8B8803DD}"
EndProject
Project("{FAE04EC0-301F-11D3-BF4B-00C04F79EFBC}") = "MQSend", "MQSend\MQSend.csproj", "{E55418B0-90E7-481B-BC68-667E6B34E90E}"
EndProject
Project("{FAE04EC0-301F-11D3-BF4B-00C04F79EFBC}") = "MQReceive", "MQReceive\MQReceive.csproj", "{DFA9C891-254B-41CD-AB27-04016510DF8D}"
EndProject
Project("{2150E333-8FDC-42A3-9474-1A3956D46DE8}") = "WorkQueues", "WorkQueues", "{1860736A-6C86-4D0B-B746-B28A008D7F8D}"
EndProject
Project("{FAE04EC0-301F-11D3-BF4B-00C04F79EFBC}") = "NewTask", "NewTask\NewTask.csproj", "{E0E46639-5B08-4396-A45F-147C4C82B160}"
EndProject
Project("{FAE04EC0-301F-11D3-BF4B-00C04F79EFBC}") = "Worker", "Worker\Worker.csproj", "{47F7BDC3-C1C3-4927-9927-7664777EB718}"
EndProject
Global
	GlobalSection(SolutionConfigurationPlatforms) = preSolution
		Debug|Any CPU = Debug|Any CPU
		Release|Any CPU = Release|Any CPU
	EndGlobalSection
	GlobalSection(ProjectConfigurationPlatforms) = postSolution
		{1D5072F6-694A-421D-A6B8-CE4626D0245F}.Debug|Any CPU.ActiveCfg = Debug|Any CPU
		{1D5072F6-694A-421D-A6B8-CE4626D0245F}.Debug|Any CPU.Build.0 = Debug|Any CPU
		{1D5072F6-694A-421D-A6B8-CE4626D0245F}.Release|Any CPU.ActiveCfg = Release|Any CPU
		{1D5072F6-694A-421D-A6B8-CE4626D0245F}.Release|Any CPU.Build.0 = Release|Any CPU
		{B51897B8-D90B-42ED-90E2-40AC9909AFAC}.Debug|Any CPU.ActiveCfg = Debug|Any CPU
		{B51897B8-D90B-42ED-90E2-40AC9909AFAC}.Debug|Any CPU.Build.0 = Debug|Any CPU
		{B51897B8-D90B-42ED-90E2-40AC9909AFAC}.Release|Any CPU.ActiveCfg = Release|Any CPU
		{B51897B8-D90B-42ED-90E2-40AC9909AFAC}.Release|Any CPU.Build.0 = Release|Any CPU
		{E55418B0-90E7-481B-BC68-667E6B34E90E}.Debug|Any CPU.ActiveCfg = Debug|Any CPU
		{E55418B0-90E7-481B-BC68-667E6B34E90E}.Debug|Any CPU.Build.0 = Debug|Any CPU
		{E55418B0-90E7-481B-BC68-667E6B34E90E}.Release|Any CPU.ActiveCfg = Release|Any CPU
		{E55418B0-90E7-481B-BC68-667E6B34E90E}.Release|Any CPU.Build.0 = Release|Any CPU
		{DFA9C891-254B-41CD-AB27-04016510DF8D}.Debug|Any CPU.ActiveCfg = Debug|Any CPU
		{DFA9C891-254B-41CD-AB27-04016510DF8D}.Debug|Any CPU.Build.0 = Debug|Any CPU
		{DFA9C891-254B-41CD-AB27-04016510DF8D}.Release|Any CPU.ActiveCfg = Release|Any CPU
		{DFA9C891-254B-41CD-AB27-04016510DF8D}.Release|Any CPU.Build.0 = Release|Any CPU
		{E0E46639-5B08-4396-A45F-147C4C82B160}.Debug|Any CPU.ActiveCfg = Debug|Any CPU
		{E0E46639-5B08-4396-A45F-147C4C82B160}.Debug|Any CPU.Build.0 = Debug|Any CPU
		{E0E46639-5B08-4396-A45F-147C4C82B160}.Release|Any CPU.ActiveCfg = Release|Any CPU
		{E0E46639-5B08-4396-A45F-147C4C82B160}.Release|Any CPU.Build.0 = Release|Any CPU
		{47F7BDC3-C1C3-4927-9927-7664777EB718}.Debug|Any CPU.ActiveCfg = Debug|Any CPU
		{47F7BDC3-C1C3-4927-9927-7664777EB718}.Debug|Any CPU.Build.0 = Debug|Any CPU
		{47F7BDC3-C1C3-4927-9927-7664777EB718}.Release|Any CPU.ActiveCfg = Release|Any CPU
		{47F7BDC3-C1C3-4927-9927-7664777EB718}.Release|Any CPU.Build.0 = Release|Any CPU
	EndGlobalSection
	GlobalSection(SolutionProperties) = preSolution
		HideSolutionNode = FALSE
	EndGlobalSection
	GlobalSection(NestedProjects) = preSolution
		{710F9329-0F68-4D45-AFA3-9E1D8B8803DD} = {7295CFF0-F4FD-45E1-A716-6EF8DEEE731F}
		{E55418B0-90E7-481B-BC68-667E6B34E90E} = {710F9329-0F68-4D45-AFA3-9E1D8B8803DD}
		{DFA9C891-254B-41CD-AB27-04016510DF8D} = {710F9329-0F68-4D45-AFA3-9E1D8B8803DD}
		{1860736A-6C86-4D0B-B746-B28A008D7F8D} = {7295CFF0-F4FD-45E1-A716-6EF8DEEE731F}
		{E0E46639-5B08-4396-A45F-147C4C82B160} = {1860736A-6C86-4D0B-B746-B28A008D7F8D}
		{47F7BDC3-C1C3-4927-9927-7664777EB718} = {1860736A-6C86-4D0B-B746-B28A008D7F8D}
	EndGlobalSection
	GlobalSection(ExtensibilityGlobals) = postSolution
		SolutionGuid = {2D152203-1DED-45BA-B194-06615E7D0AD9}
	EndGlobalSection
EndGlobal
