
Microsoft Visual Studio Solution File, Format Version 12.00
# Visual Studio Version 16
VisualStudioVersion = 16.0.30320.27
MinimumVisualStudioVersion = 10.0.40219.1
Project("{9A19103F-16F7-4668-BE54-9A1E7A4F7556}") = "ListUsage", "ListUsage\ListUsage.csproj", "{1D5072F6-694A-421D-A6B8-CE4626D0245F}"
EndProject
Project("{9A19103F-16F7-4668-BE54-9A1E7A4F7556}") = "PollyUsage", "PollyUsage\PollyUsage.csproj", "{B51897B8-D90B-42ED-90E2-40AC9909AFAC}"
EndProject
Project("{2150E333-8FDC-42A3-9474-1A3956D46DE8}") = "RabbitmqUsage", "RabbitmqUsage", "{7295CFF0-F4FD-45E1-A716-6EF8DEEE731F}"
EndProject
Project("{2150E333-8FDC-42A3-9474-1A3956D46DE8}") = "HelloWorld", "HelloWorld", "{710F9329-0F68-4D45-AFA3-9E1D8B8803DD}"
EndProject
Project("{9A19103F-16F7-4668-BE54-9A1E7A4F7556}") = "MQSend", "MQSend\MQSend.csproj", "{E55418B0-90E7-481B-BC68-667E6B34E90E}"
EndProject
Project("{9A19103F-16F7-4668-BE54-9A1E7A4F7556}") = "MQReceive", "MQReceive\MQReceive.csproj", "{DFA9C891-254B-41CD-AB27-04016510DF8D}"
EndProject
Project("{2150E333-8FDC-42A3-9474-1A3956D46DE8}") = "WorkQueues", "WorkQueues", "{1860736A-6C86-4D0B-B746-B28A008D7F8D}"
EndProject
Project("{9A19103F-16F7-4668-BE54-9A1E7A4F7556}") = "NewTask", "NewTask\NewTask.csproj", "{E0E46639-5B08-4396-A45F-147C4C82B160}"
EndProject
Project("{9A19103F-16F7-4668-BE54-9A1E7A4F7556}") = "Worker", "Worker\Worker.csproj", "{47F7BDC3-C1C3-4927-9927-7664777EB718}"
EndProject
Project("{2150E333-8FDC-42A3-9474-1A3956D46DE8}") = "PublishSubscribe", "PublishSubscribe", "{411CB1FF-E15D-4ABD-83B9-000714F329C4}"
EndProject
Project("{9A19103F-16F7-4668-BE54-9A1E7A4F7556}") = "EmitLog", "EmitLog\EmitLog.csproj", "{2DC8FF10-A42E-49CD-B704-97E709F7F4C9}"
EndProject
Project("{9A19103F-16F7-4668-BE54-9A1E7A4F7556}") = "ReceiveLogs", "ReceiveLogs\ReceiveLogs.csproj", "{4F980DB0-466F-4EB2-B683-FF72DF82E495}"
EndProject
Project("{2150E333-8FDC-42A3-9474-1A3956D46DE8}") = "Routing", "Routing", "{B45BC578-BA5C-4E76-93D7-65F33466EA39}"
EndProject
Project("{9A19103F-16F7-4668-BE54-9A1E7A4F7556}") = "EmitLogDirect", "EmitLogDirect\EmitLogDirect.csproj", "{027D7E84-0845-486F-A2C9-5063B2B92348}"
EndProject
Project("{9A19103F-16F7-4668-BE54-9A1E7A4F7556}") = "ReceiveLogsDirect", "ReceiveLogsDirect\ReceiveLogsDirect.csproj", "{5D81B2A9-0D0E-4E2A-BC1B-04252F9E77BB}"
EndProject
Project("{2150E333-8FDC-42A3-9474-1A3956D46DE8}") = "Topic", "Topic", "{9386A35D-7409-4D6C-BFE5-788E161B93F6}"
EndProject
Project("{FAE04EC0-301F-11D3-BF4B-00C04F79EFBC}") = "EmitLogTopic", "EmitLogTopic\EmitLogTopic.csproj", "{E61BA878-36EE-410E-86E0-4ECC736EF1F8}"
EndProject
Project("{FAE04EC0-301F-11D3-BF4B-00C04F79EFBC}") = "ReceiveLogsTopic", "ReceiveLogsTopic\ReceiveLogsTopic.csproj", "{193521C0-2893-4CE1-B5FB-9A39766569FE}"
EndProject
Global
	GlobalSection(SolutionConfigurationPlatforms) = preSolution
		Debug|Any CPU = Debug|Any CPU
		Release|Any CPU = Release|Any CPU
	EndGlobalSection
	GlobalSection(ProjectConfigurationPlatforms) = postSolution
		{1D5072F6-694A-421D-A6B8-CE4626D0245F}.Debug|Any CPU.ActiveCfg = Debug|Any CPU
		{1D5072F6-694A-421D-A6B8-CE4626D0245F}.Debug|Any CPU.Build.0 = Debug|Any CPU
		{1D5072F6-694A-421D-A6B8-CE4626D0245F}.Release|Any CPU.ActiveCfg = Release|Any CPU
		{1D5072F6-694A-421D-A6B8-CE4626D0245F}.Release|Any CPU.Build.0 = Release|Any CPU
		{B51897B8-D90B-42ED-90E2-40AC9909AFAC}.Debug|Any CPU.ActiveCfg = Debug|Any CPU
		{B51897B8-D90B-42ED-90E2-40AC9909AFAC}.Debug|Any CPU.Build.0 = Debug|Any CPU
		{B51897B8-D90B-42ED-90E2-40AC9909AFAC}.Release|Any CPU.ActiveCfg = Release|Any CPU
		{B51897B8-D90B-42ED-90E2-40AC9909AFAC}.Release|Any CPU.Build.0 = Release|Any CPU
		{E55418B0-90E7-481B-BC68-667E6B34E90E}.Debug|Any CPU.ActiveCfg = Debug|Any CPU
		{E55418B0-90E7-481B-BC68-667E6B34E90E}.Debug|Any CPU.Build.0 = Debug|Any CPU
		{E55418B0-90E7-481B-BC68-667E6B34E90E}.Release|Any CPU.ActiveCfg = Release|Any CPU
		{E55418B0-90E7-481B-BC68-667E6B34E90E}.Release|Any CPU.Build.0 = Release|Any CPU
		{DFA9C891-254B-41CD-AB27-04016510DF8D}.Debug|Any CPU.ActiveCfg = Debug|Any CPU
		{DFA9C891-254B-41CD-AB27-04016510DF8D}.Debug|Any CPU.Build.0 = Debug|Any CPU
		{DFA9C891-254B-41CD-AB27-04016510DF8D}.Release|Any CPU.ActiveCfg = Release|Any CPU
		{DFA9C891-254B-41CD-AB27-04016510DF8D}.Release|Any CPU.Build.0 = Release|Any CPU
		{E0E46639-5B08-4396-A45F-147C4C82B160}.Debug|Any CPU.ActiveCfg = Debug|Any CPU
		{E0E46639-5B08-4396-A45F-147C4C82B160}.Debug|Any CPU.Build.0 = Debug|Any CPU
		{E0E46639-5B08-4396-A45F-147C4C82B160}.Release|Any CPU.ActiveCfg = Release|Any CPU
		{E0E46639-5B08-4396-A45F-147C4C82B160}.Release|Any CPU.Build.0 = Release|Any CPU
		{47F7BDC3-C1C3-4927-9927-7664777EB718}.Debug|Any CPU.ActiveCfg = Debug|Any CPU
		{47F7BDC3-C1C3-4927-9927-7664777EB718}.Debug|Any CPU.Build.0 = Debug|Any CPU
		{47F7BDC3-C1C3-4927-9927-7664777EB718}.Release|Any CPU.ActiveCfg = Release|Any CPU
		{47F7BDC3-C1C3-4927-9927-7664777EB718}.Release|Any CPU.Build.0 = Release|Any CPU
		{2DC8FF10-A42E-49CD-B704-97E709F7F4C9}.Debug|Any CPU.ActiveCfg = Debug|Any CPU
		{2DC8FF10-A42E-49CD-B704-97E709F7F4C9}.Debug|Any CPU.Build.0 = Debug|Any CPU
		{2DC8FF10-A42E-49CD-B704-97E709F7F4C9}.Release|Any CPU.ActiveCfg = Release|Any CPU
		{2DC8FF10-A42E-49CD-B704-97E709F7F4C9}.Release|Any CPU.Build.0 = Release|Any CPU
		{4F980DB0-466F-4EB2-B683-FF72DF82E495}.Debug|Any CPU.ActiveCfg = Debug|Any CPU
		{4F980DB0-466F-4EB2-B683-FF72DF82E495}.Debug|Any CPU.Build.0 = Debug|Any CPU
		{4F980DB0-466F-4EB2-B683-FF72DF82E495}.Release|Any CPU.ActiveCfg = Release|Any CPU
		{4F980DB0-466F-4EB2-B683-FF72DF82E495}.Release|Any CPU.Build.0 = Release|Any CPU
		{027D7E84-0845-486F-A2C9-5063B2B92348}.Debug|Any CPU.ActiveCfg = Debug|Any CPU
		{027D7E84-0845-486F-A2C9-5063B2B92348}.Debug|Any CPU.Build.0 = Debug|Any CPU
		{027D7E84-0845-486F-A2C9-5063B2B92348}.Release|Any CPU.ActiveCfg = Release|Any CPU
		{027D7E84-0845-486F-A2C9-5063B2B92348}.Release|Any CPU.Build.0 = Release|Any CPU
		{5D81B2A9-0D0E-4E2A-BC1B-04252F9E77BB}.Debug|Any CPU.ActiveCfg = Debug|Any CPU
		{5D81B2A9-0D0E-4E2A-BC1B-04252F9E77BB}.Debug|Any CPU.Build.0 = Debug|Any CPU
		{5D81B2A9-0D0E-4E2A-BC1B-04252F9E77BB}.Release|Any CPU.ActiveCfg = Release|Any CPU
		{5D81B2A9-0D0E-4E2A-BC1B-04252F9E77BB}.Release|Any CPU.Build.0 = Release|Any CPU
		{E61BA878-36EE-410E-86E0-4ECC736EF1F8}.Debug|Any CPU.ActiveCfg = Debug|Any CPU
		{E61BA878-36EE-410E-86E0-4ECC736EF1F8}.Debug|Any CPU.Build.0 = Debug|Any CPU
		{E61BA878-36EE-410E-86E0-4ECC736EF1F8}.Release|Any CPU.ActiveCfg = Release|Any CPU
		{E61BA878-36EE-410E-86E0-4ECC736EF1F8}.Release|Any CPU.Build.0 = Release|Any CPU
		{193521C0-2893-4CE1-B5FB-9A39766569FE}.Debug|Any CPU.ActiveCfg = Debug|Any CPU
		{193521C0-2893-4CE1-B5FB-9A39766569FE}.Debug|Any CPU.Build.0 = Debug|Any CPU
		{193521C0-2893-4CE1-B5FB-9A39766569FE}.Release|Any CPU.ActiveCfg = Release|Any CPU
		{193521C0-2893-4CE1-B5FB-9A39766569FE}.Release|Any CPU.Build.0 = Release|Any CPU
	EndGlobalSection
	GlobalSection(SolutionProperties) = preSolution
		HideSolutionNode = FALSE
	EndGlobalSection
	GlobalSection(NestedProjects) = preSolution
		{710F9329-0F68-4D45-AFA3-9E1D8B8803DD} = {7295CFF0-F4FD-45E1-A716-6EF8DEEE731F}
		{E55418B0-90E7-481B-BC68-667E6B34E90E} = {710F9329-0F68-4D45-AFA3-9E1D8B8803DD}
		{DFA9C891-254B-41CD-AB27-04016510DF8D} = {710F9329-0F68-4D45-AFA3-9E1D8B8803DD}
		{1860736A-6C86-4D0B-B746-B28A008D7F8D} = {7295CFF0-F4FD-45E1-A716-6EF8DEEE731F}
		{E0E46639-5B08-4396-A45F-147C4C82B160} = {1860736A-6C86-4D0B-B746-B28A008D7F8D}
		{47F7BDC3-C1C3-4927-9927-7664777EB718} = {1860736A-6C86-4D0B-B746-B28A008D7F8D}
		{411CB1FF-E15D-4ABD-83B9-000714F329C4} = {7295CFF0-F4FD-45E1-A716-6EF8DEEE731F}
		{2DC8FF10-A42E-49CD-B704-97E709F7F4C9} = {411CB1FF-E15D-4ABD-83B9-000714F329C4}
		{4F980DB0-466F-4EB2-B683-FF72DF82E495} = {411CB1FF-E15D-4ABD-83B9-000714F329C4}
		{B45BC578-BA5C-4E76-93D7-65F33466EA39} = {7295CFF0-F4FD-45E1-A716-6EF8DEEE731F}
		{027D7E84-0845-486F-A2C9-5063B2B92348} = {B45BC578-BA5C-4E76-93D7-65F33466EA39}
		{5D81B2A9-0D0E-4E2A-BC1B-04252F9E77BB} = {B45BC578-BA5C-4E76-93D7-65F33466EA39}
		{9386A35D-7409-4D6C-BFE5-788E161B93F6} = {7295CFF0-F4FD-45E1-A716-6EF8DEEE731F}
		{E61BA878-36EE-410E-86E0-4ECC736EF1F8} = {9386A35D-7409-4D6C-BFE5-788E161B93F6}
		{193521C0-2893-4CE1-B5FB-9A39766569FE} = {9386A35D-7409-4D6C-BFE5-788E161B93F6}
	EndGlobalSection
	GlobalSection(ExtensibilityGlobals) = postSolution
		SolutionGuid = {2D152203-1DED-45BA-B194-06615E7D0AD9}
	EndGlobalSection
EndGlobal
